<?xml version="1.0" encoding="UTF-8" standalone="yes" ?>
<CodeBlocks_project_file>
	<FileVersion major="1" minor="6" />
	<Project>
		<Option title="sbrts" />
		<Option pch_mode="2" />
		<Option compiler="gcc" />
		<Build>
			<Target title="Debug">
				<Option output="bin/Debug/sbrts" prefix_auto="1" extension_auto="1" />
				<Option working_dir="src" />
				<Option object_output="obj/Debug/" />
				<Option type="1" />
				<Option compiler="gcc" />
				<Option projectCompilerOptionsRelation="0" />
				<Compiler>
					<Add option="-std=c++11" />
					<Add option="-g" />
					<Add directory="src/include" />
				</Compiler>
				<Linker>
					<Add directory="src/lib" />
				</Linker>
			</Target>
			<Target title="Release">
				<Option output="bin/Release/sbrts" prefix_auto="1" extension_auto="1" />
				<Option object_output="obj/Release/" />
				<Option type="0" />
				<Option compiler="gcc" />
				<Compiler>
					<Add option="-O2" />
				</Compiler>
				<Linker>
					<Add option="-s" />
				</Linker>
			</Target>
		</Build>
		<Compiler>
			<Add option="-std=c++11" />
			<Add option="-std=c++0x" />
			<Add option="-Wall" />
		</Compiler>
		<Linker>
			<Add library="sfml-graphics" />
			<Add library="sfml-window" />
			<Add library="sfml-system" />
			<Add library="src/lib/libGLEW.so" />
		</Linker>
		<Unit filename="src/core/ability.cpp" />
		<Unit filename="src/core/ability.h" />
		<Unit filename="src/core/action.cpp" />
		<Unit filename="src/core/action.h" />
		<Unit filename="src/core/attack.cpp" />
		<Unit filename="src/core/attack.h" />
		<Unit filename="src/core/build.cpp" />
		<Unit filename="src/core/build.h" />
		<Unit filename="src/core/engineering.cpp" />
		<Unit filename="src/core/engineering.h" />
		<Unit filename="src/core/entity.cpp" />
		<Unit filename="src/core/entity.h" />
		<Unit filename="src/core/farming.cpp" />
		<Unit filename="src/core/farming.h" />
		<Unit filename="src/core/harvest.cpp" />
		<Unit filename="src/core/harvest.h" />
		<Unit filename="src/core/heal.cpp" />
		<Unit filename="src/core/heal.h" />
		<Unit filename="src/core/intelligence.cpp" />
		<Unit filename="src/core/intelligence.h" />
		<Unit filename="src/core/knowledge.cpp" />
		<Unit filename="src/core/knowledge.h" />
		<Unit filename="src/core/lumber.cpp" />
		<Unit filename="src/core/lumber.h" />
		<Unit filename="src/core/lumbering.cpp" />
		<Unit filename="src/core/lumbering.h" />
		<Unit filename="src/core/medicine.cpp" />
		<Unit filename="src/core/medicine.h" />
		<Unit filename="src/core/military.cpp" />
		<Unit filename="src/core/military.h" />
		<Unit filename="src/core/mine.cpp" />
		<Unit filename="src/core/mine.h" />
		<Unit filename="src/core/mining.cpp" />
		<Unit filename="src/core/mining.h" />
		<Unit filename="src/core/personality.cpp" />
		<Unit filename="src/core/personality.h" />
		<Unit filename="src/core/repair.cpp" />
		<Unit filename="src/core/repair.h" />
		<Unit filename="src/core/research.cpp" />
		<Unit filename="src/core/research.h" />
		<Unit filename="src/core/search.cpp" />
		<Unit filename="src/core/search.h" />
		<Unit filename="src/core/strength.cpp" />
		<Unit filename="src/core/strength.h" />
		<Unit filename="src/core/trait.cpp" />
		<Unit filename="src/core/trait.h" />
		<Unit filename="src/core/unit.cpp" />
		<Unit filename="src/core/unit.h" />
		<Unit filename="src/engine/Animation.cpp" />
		<Unit filename="src/engine/Animation.h" />
		<Unit filename="src/engine/RessourceManager.cpp" />
		<Unit filename="src/engine/advMap.cpp" />
		<Unit filename="src/engine/advMap.h" />
		<Unit filename="src/engine/unit.cpp" />
		<Unit filename="src/engine/unit.h" />
		<Unit filename="src/main.cpp" />
		<Unit filename="src/resources/Aero.ttf">
			<Option target="Release" />
		</Unit>
		<Unit filename="src/resources/Computerfont.ttf">
			<Option target="Release" />
		</Unit>
		<Unit filename="src/utils/logger.cpp" />
		<Unit filename="src/utils/logger.h" />
		<Extensions>
			<DoxyBlocks>
				<comment_style block="0" line="0" />
				<doxyfile_project />
				<doxyfile_build />
				<doxyfile_warnings />
				<doxyfile_output />
				<doxyfile_dot />
				<general />
			</DoxyBlocks>
			<code_completion />
			<envvars />
			<lib_finder disable_auto="1" />
			<debugger />
		</Extensions>
	</Project>
</CodeBlocks_project_file>
